// !$*UTF8*$!
{
	archiveVersion = 1;
	classes = {
	};
	objectVersion = 46;
	objects = {

/* Begin PBXBuildFile section */
		C09441E71C7940D300FE26DA /* JGProgressHUD Resources.bundle in Resources */ = {isa = PBXBuildFile; fileRef = C09441CF1C7940D300FE26DA /* JGProgressHUD Resources.bundle */; settings = {ASSET_TAGS = (); }; };
		C09441E81C7940D300FE26DA /* JGProgressHUD.m in Sources */ = {isa = PBXBuildFile; fileRef = C09441D21C7940D300FE26DA /* JGProgressHUD.m */; settings = {ASSET_TAGS = (); }; };
		C09441E91C7940D300FE26DA /* JGProgressHUDAnimation.m in Sources */ = {isa = PBXBuildFile; fileRef = C09441D41C7940D300FE26DA /* JGProgressHUDAnimation.m */; settings = {ASSET_TAGS = (); }; };
		C09441EA1C7940D300FE26DA /* JGProgressHUDErrorIndicatorView.m in Sources */ = {isa = PBXBuildFile; fileRef = C09441D61C7940D300FE26DA /* JGProgressHUDErrorIndicatorView.m */; settings = {ASSET_TAGS = (); }; };
		C09441EB1C7940D300FE26DA /* JGProgressHUDFadeAnimation.m in Sources */ = {isa = PBXBuildFile; fileRef = C09441D81C7940D300FE26DA /* JGProgressHUDFadeAnimation.m */; settings = {ASSET_TAGS = (); }; };
		C09441EC1C7940D300FE26DA /* JGProgressHUDFadeZoomAnimation.m in Sources */ = {isa = PBXBuildFile; fileRef = C09441DA1C7940D300FE26DA /* JGProgressHUDFadeZoomAnimation.m */; settings = {ASSET_TAGS = (); }; };
		C09441ED1C7940D300FE26DA /* JGProgressHUDImageIndicatorView.m in Sources */ = {isa = PBXBuildFile; fileRef = C09441DC1C7940D300FE26DA /* JGProgressHUDImageIndicatorView.m */; settings = {ASSET_TAGS = (); }; };
		C09441EE1C7940D300FE26DA /* JGProgressHUDIndeterminateIndicatorView.m in Sources */ = {isa = PBXBuildFile; fileRef = C09441DE1C7940D300FE26DA /* JGProgressHUDIndeterminateIndicatorView.m */; settings = {ASSET_TAGS = (); }; };
		C09441EF1C7940D300FE26DA /* JGProgressHUDIndicatorView.m in Sources */ = {isa = PBXBuildFile; fileRef = C09441E01C7940D300FE26DA /* JGProgressHUDIndicatorView.m */; settings = {ASSET_TAGS = (); }; };
		C09441F01C7940D300FE26DA /* JGProgressHUDPieIndicatorView.m in Sources */ = {isa = PBXBuildFile; fileRef = C09441E21C7940D300FE26DA /* JGProgressHUDPieIndicatorView.m */; settings = {ASSET_TAGS = (); }; };
		C09441F11C7940D300FE26DA /* JGProgressHUDRingIndicatorView.m in Sources */ = {isa = PBXBuildFile; fileRef = C09441E41C7940D300FE26DA /* JGProgressHUDRingIndicatorView.m */; settings = {ASSET_TAGS = (); }; };
		C09441F21C7940D300FE26DA /* JGProgressHUDSuccessIndicatorView.m in Sources */ = {isa = PBXBuildFile; fileRef = C09441E61C7940D300FE26DA /* JGProgressHUDSuccessIndicatorView.m */; settings = {ASSET_TAGS = (); }; };
		C09442011C79439900FE26DA /* AFHTTPSessionManager.m in Sources */ = {isa = PBXBuildFile; fileRef = C09441F51C79439900FE26DA /* AFHTTPSessionManager.m */; settings = {ASSET_TAGS = (); }; };
		C09442021C79439900FE26DA /* AFNetworkReachabilityManager.m in Sources */ = {isa = PBXBuildFile; fileRef = C09441F81C79439900FE26DA /* AFNetworkReachabilityManager.m */; settings = {ASSET_TAGS = (); }; };
		C09442031C79439900FE26DA /* AFSecurityPolicy.m in Sources */ = {isa = PBXBuildFile; fileRef = C09441FA1C79439900FE26DA /* AFSecurityPolicy.m */; settings = {ASSET_TAGS = (); }; };
		C09442041C79439900FE26DA /* AFURLRequestSerialization.m in Sources */ = {isa = PBXBuildFile; fileRef = C09441FC1C79439900FE26DA /* AFURLRequestSerialization.m */; settings = {ASSET_TAGS = (); }; };
		C09442051C79439900FE26DA /* AFURLResponseSerialization.m in Sources */ = {isa = PBXBuildFile; fileRef = C09441FE1C79439900FE26DA /* AFURLResponseSerialization.m */; settings = {ASSET_TAGS = (); }; };
		C09442061C79439900FE26DA /* AFURLSessionManager.m in Sources */ = {isa = PBXBuildFile; fileRef = C09442001C79439900FE26DA /* AFURLSessionManager.m */; settings = {ASSET_TAGS = (); }; };
		C094420B1C794F9700FE26DA /* MapKit.framework in Frameworks */ = {isa = PBXBuildFile; fileRef = C094420A1C794F9700FE26DA /* MapKit.framework */; };
		C094420D1C7950F000FE26DA /* CoreLocation.framework in Frameworks */ = {isa = PBXBuildFile; fileRef = C094420C1C7950F000FE26DA /* CoreLocation.framework */; };
		C094420F1C795BE300FE26DA /* default.gpx in Resources */ = {isa = PBXBuildFile; fileRef = C094420E1C795BE300FE26DA /* default.gpx */; settings = {ASSET_TAGS = (); }; };
		C09442171C795F4100FE26DA /* BaseViewController.m in Sources */ = {isa = PBXBuildFile; fileRef = C09442131C795F4100FE26DA /* BaseViewController.m */; settings = {ASSET_TAGS = (); }; };
		C09442181C795F4100FE26DA /* ListCitiesViewController.m in Sources */ = {isa = PBXBuildFile; fileRef = C09442161C795F4100FE26DA /* ListCitiesViewController.m */; settings = {ASSET_TAGS = (); }; };
		C094421B1C795F9800FE26DA /* ListCitiesTableViewCell.m in Sources */ = {isa = PBXBuildFile; fileRef = C094421A1C795F9800FE26DA /* ListCitiesTableViewCell.m */; settings = {ASSET_TAGS = (); }; };
		C094421E1C79606100FE26DA /* CTLWeather.m in Sources */ = {isa = PBXBuildFile; fileRef = C094421C1C79606100FE26DA /* CTLWeather.m */; settings = {ASSET_TAGS = (); }; };
		C09442211C7963D200FE26DA /* MDLWeather.m in Sources */ = {isa = PBXBuildFile; fileRef = C09442201C7963D200FE26DA /* MDLWeather.m */; settings = {ASSET_TAGS = (); }; };
		C094424D1C7968EF00FE26DA /* MDLWeatherCoordinates.m in Sources */ = {isa = PBXBuildFile; fileRef = C094424C1C7968EF00FE26DA /* MDLWeatherCoordinates.m */; settings = {ASSET_TAGS = (); }; };
		C09442501C79691D00FE26DA /* MDLWeatherConditions.m in Sources */ = {isa = PBXBuildFile; fileRef = C094424F1C79691D00FE26DA /* MDLWeatherConditions.m */; settings = {ASSET_TAGS = (); }; };
		C09442531C79694400FE26DA /* MDLWeatherDetail.m in Sources */ = {isa = PBXBuildFile; fileRef = C09442521C79694400FE26DA /* MDLWeatherDetail.m */; settings = {ASSET_TAGS = (); }; };
		C09442561C7A217B00FE26DA /* ic_list.png in Resources */ = {isa = PBXBuildFile; fileRef = C09442551C7A217B00FE26DA /* ic_list.png */; settings = {ASSET_TAGS = (); }; };
		C09442581C7A21B900FE26DA /* ic_list2.png in Resources */ = {isa = PBXBuildFile; fileRef = C09442571C7A21B900FE26DA /* ic_list2.png */; settings = {ASSET_TAGS = (); }; };
		C094425A1C7A222900FE26DA /* ic_map.png in Resources */ = {isa = PBXBuildFile; fileRef = C09442591C7A222900FE26DA /* ic_map.png */; settings = {ASSET_TAGS = (); }; };
		C094425D1C7A228700FE26DA /* MapViewController.m in Sources */ = {isa = PBXBuildFile; fileRef = C094425C1C7A228700FE26DA /* MapViewController.m */; settings = {ASSET_TAGS = (); }; };
		C09442611C7A602700FE26DA /* WeatherUnitHelper.m in Sources */ = {isa = PBXBuildFile; fileRef = C09442601C7A602700FE26DA /* WeatherUnitHelper.m */; settings = {ASSET_TAGS = (); }; };
		C0B96AA91C7A661500765A8F /* ImageHelper.m in Sources */ = {isa = PBXBuildFile; fileRef = C0B96AA81C7A661500765A8F /* ImageHelper.m */; settings = {ASSET_TAGS = (); }; };
		C0B96AAB1C7A6EBB00765A8F /* luizalabs.png in Resources */ = {isa = PBXBuildFile; fileRef = C0B96AAA1C7A6EBB00765A8F /* luizalabs.png */; settings = {ASSET_TAGS = (); }; };
		C0B96AAD1C7A89B600765A8F /* ic_refresh.png in Resources */ = {isa = PBXBuildFile; fileRef = C0B96AAC1C7A89B600765A8F /* ic_refresh.png */; settings = {ASSET_TAGS = (); }; };
		C0CE49851C793D2500635BEB /* main.m in Sources */ = {isa = PBXBuildFile; fileRef = C0CE49841C793D2500635BEB /* main.m */; };
		C0CE49881C793D2500635BEB /* AppDelegate.m in Sources */ = {isa = PBXBuildFile; fileRef = C0CE49871C793D2500635BEB /* AppDelegate.m */; };
		C0CE498E1C793D2500635BEB /* Main.storyboard in Resources */ = {isa = PBXBuildFile; fileRef = C0CE498C1C793D2500635BEB /* Main.storyboard */; };
		C0CE49901C793D2500635BEB /* Assets.xcassets in Resources */ = {isa = PBXBuildFile; fileRef = C0CE498F1C793D2500635BEB /* Assets.xcassets */; };
		C0CE49931C793D2500635BEB /* LaunchScreen.storyboard in Resources */ = {isa = PBXBuildFile; fileRef = C0CE49911C793D2500635BEB /* LaunchScreen.storyboard */; };
		C0CE499E1C793D2600635BEB /* desafioTests.m in Sources */ = {isa = PBXBuildFile; fileRef = C0CE499D1C793D2600635BEB /* desafioTests.m */; };
		C0CE49A91C793D2600635BEB /* desafioUITests.m in Sources */ = {isa = PBXBuildFile; fileRef = C0CE49A81C793D2600635BEB /* desafioUITests.m */; };
/* End PBXBuildFile section */

/* Begin PBXContainerItemProxy section */
		C0CE499A1C793D2600635BEB /* PBXContainerItemProxy */ = {
			isa = PBXContainerItemProxy;
			containerPortal = C0CE49781C793D2500635BEB /* Project object */;
			proxyType = 1;
			remoteGlobalIDString = C0CE497F1C793D2500635BEB;
			remoteInfo = desafio;
		};
		C0CE49A51C793D2600635BEB /* PBXContainerItemProxy */ = {
			isa = PBXContainerItemProxy;
			containerPortal = C0CE49781C793D2500635BEB /* Project object */;
			proxyType = 1;
			remoteGlobalIDString = C0CE497F1C793D2500635BEB;
			remoteInfo = desafio;
		};
/* End PBXContainerItemProxy section */

/* Begin PBXFileReference section */
		C09441CF1C7940D300FE26DA /* JGProgressHUD Resources.bundle */ = {isa = PBXFileReference; lastKnownFileType = "wrapper.plug-in"; path = "JGProgressHUD Resources.bundle"; sourceTree = "<group>"; };
		C09441D01C7940D300FE26DA /* JGProgressHUD-Defines.h */ = {isa = PBXFileReference; fileEncoding = 4; lastKnownFileType = sourcecode.c.h; path = "JGProgressHUD-Defines.h"; sourceTree = "<group>"; };
		C09441D11C7940D300FE26DA /* JGProgressHUD.h */ = {isa = PBXFileReference; fileEncoding = 4; lastKnownFileType = sourcecode.c.h; path = JGProgressHUD.h; sourceTree = "<group>"; };
		C09441D21C7940D300FE26DA /* JGProgressHUD.m */ = {isa = PBXFileReference; fileEncoding = 4; lastKnownFileType = sourcecode.c.objc; path = JGProgressHUD.m; sourceTree = "<group>"; };
		C09441D31C7940D300FE26DA /* JGProgressHUDAnimation.h */ = {isa = PBXFileReference; fileEncoding = 4; lastKnownFileType = sourcecode.c.h; path = JGProgressHUDAnimation.h; sourceTree = "<group>"; };
		C09441D41C7940D300FE26DA /* JGProgressHUDAnimation.m */ = {isa = PBXFileReference; fileEncoding = 4; lastKnownFileType = sourcecode.c.objc; path = JGProgressHUDAnimation.m; sourceTree = "<group>"; };
		C09441D51C7940D300FE26DA /* JGProgressHUDErrorIndicatorView.h */ = {isa = PBXFileReference; fileEncoding = 4; lastKnownFileType = sourcecode.c.h; path = JGProgressHUDErrorIndicatorView.h; sourceTree = "<group>"; };
		C09441D61C7940D300FE26DA /* JGProgressHUDErrorIndicatorView.m */ = {isa = PBXFileReference; fileEncoding = 4; lastKnownFileType = sourcecode.c.objc; path = JGProgressHUDErrorIndicatorView.m; sourceTree = "<group>"; };
		C09441D71C7940D300FE26DA /* JGProgressHUDFadeAnimation.h */ = {isa = PBXFileReference; fileEncoding = 4; lastKnownFileType = sourcecode.c.h; path = JGProgressHUDFadeAnimation.h; sourceTree = "<group>"; };
		C09441D81C7940D300FE26DA /* JGProgressHUDFadeAnimation.m */ = {isa = PBXFileReference; fileEncoding = 4; lastKnownFileType = sourcecode.c.objc; path = JGProgressHUDFadeAnimation.m; sourceTree = "<group>"; };
		C09441D91C7940D300FE26DA /* JGProgressHUDFadeZoomAnimation.h */ = {isa = PBXFileReference; fileEncoding = 4; lastKnownFileType = sourcecode.c.h; path = JGProgressHUDFadeZoomAnimation.h; sourceTree = "<group>"; };
		C09441DA1C7940D300FE26DA /* JGProgressHUDFadeZoomAnimation.m */ = {isa = PBXFileReference; fileEncoding = 4; lastKnownFileType = sourcecode.c.objc; path = JGProgressHUDFadeZoomAnimation.m; sourceTree = "<group>"; };
		C09441DB1C7940D300FE26DA /* JGProgressHUDImageIndicatorView.h */ = {isa = PBXFileReference; fileEncoding = 4; lastKnownFileType = sourcecode.c.h; path = JGProgressHUDImageIndicatorView.h; sourceTree = "<group>"; };
		C09441DC1C7940D300FE26DA /* JGProgressHUDImageIndicatorView.m */ = {isa = PBXFileReference; fileEncoding = 4; lastKnownFileType = sourcecode.c.objc; path = JGProgressHUDImageIndicatorView.m; sourceTree = "<group>"; };
		C09441DD1C7940D300FE26DA /* JGProgressHUDIndeterminateIndicatorView.h */ = {isa = PBXFileReference; fileEncoding = 4; lastKnownFileType = sourcecode.c.h; path = JGProgressHUDIndeterminateIndicatorView.h; sourceTree = "<group>"; };
		C09441DE1C7940D300FE26DA /* JGProgressHUDIndeterminateIndicatorView.m */ = {isa = PBXFileReference; fileEncoding = 4; lastKnownFileType = sourcecode.c.objc; path = JGProgressHUDIndeterminateIndicatorView.m; sourceTree = "<group>"; };
		C09441DF1C7940D300FE26DA /* JGProgressHUDIndicatorView.h */ = {isa = PBXFileReference; fileEncoding = 4; lastKnownFileType = sourcecode.c.h; path = JGProgressHUDIndicatorView.h; sourceTree = "<group>"; };
		C09441E01C7940D300FE26DA /* JGProgressHUDIndicatorView.m */ = {isa = PBXFileReference; fileEncoding = 4; lastKnownFileType = sourcecode.c.objc; path = JGProgressHUDIndicatorView.m; sourceTree = "<group>"; };
		C09441E11C7940D300FE26DA /* JGProgressHUDPieIndicatorView.h */ = {isa = PBXFileReference; fileEncoding = 4; lastKnownFileType = sourcecode.c.h; path = JGProgressHUDPieIndicatorView.h; sourceTree = "<group>"; };
		C09441E21C7940D300FE26DA /* JGProgressHUDPieIndicatorView.m */ = {isa = PBXFileReference; fileEncoding = 4; lastKnownFileType = sourcecode.c.objc; path = JGProgressHUDPieIndicatorView.m; sourceTree = "<group>"; };
		C09441E31C7940D300FE26DA /* JGProgressHUDRingIndicatorView.h */ = {isa = PBXFileReference; fileEncoding = 4; lastKnownFileType = sourcecode.c.h; path = JGProgressHUDRingIndicatorView.h; sourceTree = "<group>"; };
		C09441E41C7940D300FE26DA /* JGProgressHUDRingIndicatorView.m */ = {isa = PBXFileReference; fileEncoding = 4; lastKnownFileType = sourcecode.c.objc; path = JGProgressHUDRingIndicatorView.m; sourceTree = "<group>"; };
		C09441E51C7940D300FE26DA /* JGProgressHUDSuccessIndicatorView.h */ = {isa = PBXFileReference; fileEncoding = 4; lastKnownFileType = sourcecode.c.h; path = JGProgressHUDSuccessIndicatorView.h; sourceTree = "<group>"; };
		C09441E61C7940D300FE26DA /* JGProgressHUDSuccessIndicatorView.m */ = {isa = PBXFileReference; fileEncoding = 4; lastKnownFileType = sourcecode.c.objc; path = JGProgressHUDSuccessIndicatorView.m; sourceTree = "<group>"; };
		C09441F41C79439900FE26DA /* AFHTTPSessionManager.h */ = {isa = PBXFileReference; fileEncoding = 4; lastKnownFileType = sourcecode.c.h; path = AFHTTPSessionManager.h; sourceTree = "<group>"; };
		C09441F51C79439900FE26DA /* AFHTTPSessionManager.m */ = {isa = PBXFileReference; fileEncoding = 4; lastKnownFileType = sourcecode.c.objc; path = AFHTTPSessionManager.m; sourceTree = "<group>"; };
		C09441F61C79439900FE26DA /* AFNetworking.h */ = {isa = PBXFileReference; fileEncoding = 4; lastKnownFileType = sourcecode.c.h; path = AFNetworking.h; sourceTree = "<group>"; };
		C09441F71C79439900FE26DA /* AFNetworkReachabilityManager.h */ = {isa = PBXFileReference; fileEncoding = 4; lastKnownFileType = sourcecode.c.h; path = AFNetworkReachabilityManager.h; sourceTree = "<group>"; };
		C09441F81C79439900FE26DA /* AFNetworkReachabilityManager.m */ = {isa = PBXFileReference; fileEncoding = 4; lastKnownFileType = sourcecode.c.objc; path = AFNetworkReachabilityManager.m; sourceTree = "<group>"; };
		C09441F91C79439900FE26DA /* AFSecurityPolicy.h */ = {isa = PBXFileReference; fileEncoding = 4; lastKnownFileType = sourcecode.c.h; path = AFSecurityPolicy.h; sourceTree = "<group>"; };
		C09441FA1C79439900FE26DA /* AFSecurityPolicy.m */ = {isa = PBXFileReference; fileEncoding = 4; lastKnownFileType = sourcecode.c.objc; path = AFSecurityPolicy.m; sourceTree = "<group>"; };
		C09441FB1C79439900FE26DA /* AFURLRequestSerialization.h */ = {isa = PBXFileReference; fileEncoding = 4; lastKnownFileType = sourcecode.c.h; path = AFURLRequestSerialization.h; sourceTree = "<group>"; };
		C09441FC1C79439900FE26DA /* AFURLRequestSerialization.m */ = {isa = PBXFileReference; fileEncoding = 4; lastKnownFileType = sourcecode.c.objc; path = AFURLRequestSerialization.m; sourceTree = "<group>"; };
		C09441FD1C79439900FE26DA /* AFURLResponseSerialization.h */ = {isa = PBXFileReference; fileEncoding = 4; lastKnownFileType = sourcecode.c.h; path = AFURLResponseSerialization.h; sourceTree = "<group>"; };
		C09441FE1C79439900FE26DA /* AFURLResponseSerialization.m */ = {isa = PBXFileReference; fileEncoding = 4; lastKnownFileType = sourcecode.c.objc; path = AFURLResponseSerialization.m; sourceTree = "<group>"; };
		C09441FF1C79439900FE26DA /* AFURLSessionManager.h */ = {isa = PBXFileReference; fileEncoding = 4; lastKnownFileType = sourcecode.c.h; path = AFURLSessionManager.h; sourceTree = "<group>"; };
		C09442001C79439900FE26DA /* AFURLSessionManager.m */ = {isa = PBXFileReference; fileEncoding = 4; lastKnownFileType = sourcecode.c.objc; path = AFURLSessionManager.m; sourceTree = "<group>"; };
		C094420A1C794F9700FE26DA /* MapKit.framework */ = {isa = PBXFileReference; lastKnownFileType = wrapper.framework; name = MapKit.framework; path = System/Library/Frameworks/MapKit.framework; sourceTree = SDKROOT; };
		C094420C1C7950F000FE26DA /* CoreLocation.framework */ = {isa = PBXFileReference; lastKnownFileType = wrapper.framework; name = CoreLocation.framework; path = System/Library/Frameworks/CoreLocation.framework; sourceTree = SDKROOT; };
		C094420E1C795BE300FE26DA /* default.gpx */ = {isa = PBXFileReference; fileEncoding = 4; lastKnownFileType = text.xml; path = default.gpx; sourceTree = "<group>"; };
		C09442131C795F4100FE26DA /* BaseViewController.m */ = {isa = PBXFileReference; fileEncoding = 4; lastKnownFileType = sourcecode.c.objc; path = BaseViewController.m; sourceTree = "<group>"; };
		C09442141C795F4100FE26DA /* ListCitiesViewController.h */ = {isa = PBXFileReference; fileEncoding = 4; lastKnownFileType = sourcecode.c.h; path = ListCitiesViewController.h; sourceTree = "<group>"; };
		C09442151C795F4100FE26DA /* BaseViewController.h */ = {isa = PBXFileReference; fileEncoding = 4; lastKnownFileType = sourcecode.c.h; path = BaseViewController.h; sourceTree = "<group>"; };
		C09442161C795F4100FE26DA /* ListCitiesViewController.m */ = {isa = PBXFileReference; fileEncoding = 4; lastKnownFileType = sourcecode.c.objc; path = ListCitiesViewController.m; sourceTree = "<group>"; };
		C09442191C795F9800FE26DA /* ListCitiesTableViewCell.h */ = {isa = PBXFileReference; fileEncoding = 4; lastKnownFileType = sourcecode.c.h; path = ListCitiesTableViewCell.h; sourceTree = "<group>"; };
		C094421A1C795F9800FE26DA /* ListCitiesTableViewCell.m */ = {isa = PBXFileReference; fileEncoding = 4; lastKnownFileType = sourcecode.c.objc; path = ListCitiesTableViewCell.m; sourceTree = "<group>"; };
		C094421C1C79606100FE26DA /* CTLWeather.m */ = {isa = PBXFileReference; fileEncoding = 4; lastKnownFileType = sourcecode.c.objc; path = CTLWeather.m; sourceTree = "<group>"; };
		C094421D1C79606100FE26DA /* CTLWeather.h */ = {isa = PBXFileReference; fileEncoding = 4; lastKnownFileType = sourcecode.c.h; path = CTLWeather.h; sourceTree = "<group>"; };
		C094421F1C7963D200FE26DA /* MDLWeather.h */ = {isa = PBXFileReference; fileEncoding = 4; lastKnownFileType = sourcecode.c.h; path = MDLWeather.h; sourceTree = "<group>"; };
		C09442201C7963D200FE26DA /* MDLWeather.m */ = {isa = PBXFileReference; fileEncoding = 4; lastKnownFileType = sourcecode.c.objc; path = MDLWeather.m; sourceTree = "<group>"; };
		C094424B1C7968EF00FE26DA /* MDLWeatherCoordinates.h */ = {isa = PBXFileReference; fileEncoding = 4; lastKnownFileType = sourcecode.c.h; path = MDLWeatherCoordinates.h; sourceTree = "<group>"; };
		C094424C1C7968EF00FE26DA /* MDLWeatherCoordinates.m */ = {isa = PBXFileReference; fileEncoding = 4; lastKnownFileType = sourcecode.c.objc; path = MDLWeatherCoordinates.m; sourceTree = "<group>"; };
		C094424E1C79691D00FE26DA /* MDLWeatherConditions.h */ = {isa = PBXFileReference; fileEncoding = 4; lastKnownFileType = sourcecode.c.h; path = MDLWeatherConditions.h; sourceTree = "<group>"; };
		C094424F1C79691D00FE26DA /* MDLWeatherConditions.m */ = {isa = PBXFileReference; fileEncoding = 4; lastKnownFileType = sourcecode.c.objc; path = MDLWeatherConditions.m; sourceTree = "<group>"; };
		C09442511C79694400FE26DA /* MDLWeatherDetail.h */ = {isa = PBXFileReference; fileEncoding = 4; lastKnownFileType = sourcecode.c.h; path = MDLWeatherDetail.h; sourceTree = "<group>"; };
		C09442521C79694400FE26DA /* MDLWeatherDetail.m */ = {isa = PBXFileReference; fileEncoding = 4; lastKnownFileType = sourcecode.c.objc; path = MDLWeatherDetail.m; sourceTree = "<group>"; };
		C09442551C7A217B00FE26DA /* ic_list.png */ = {isa = PBXFileReference; lastKnownFileType = image.png; path = ic_list.png; sourceTree = "<group>"; };
		C09442571C7A21B900FE26DA /* ic_list2.png */ = {isa = PBXFileReference; lastKnownFileType = image.png; path = ic_list2.png; sourceTree = "<group>"; };
		C09442591C7A222900FE26DA /* ic_map.png */ = {isa = PBXFileReference; lastKnownFileType = image.png; path = ic_map.png; sourceTree = "<group>"; };
		C094425B1C7A228700FE26DA /* MapViewController.h */ = {isa = PBXFileReference; fileEncoding = 4; lastKnownFileType = sourcecode.c.h; path = MapViewController.h; sourceTree = "<group>"; };
		C094425C1C7A228700FE26DA /* MapViewController.m */ = {isa = PBXFileReference; fileEncoding = 4; lastKnownFileType = sourcecode.c.objc; path = MapViewController.m; sourceTree = "<group>"; };
		C094425F1C7A602700FE26DA /* WeatherUnitHelper.h */ = {isa = PBXFileReference; fileEncoding = 4; lastKnownFileType = sourcecode.c.h; path = WeatherUnitHelper.h; sourceTree = "<group>"; };
		C09442601C7A602700FE26DA /* WeatherUnitHelper.m */ = {isa = PBXFileReference; fileEncoding = 4; lastKnownFileType = sourcecode.c.objc; path = WeatherUnitHelper.m; sourceTree = "<group>"; };
		C0B96AA71C7A661500765A8F /* ImageHelper.h */ = {isa = PBXFileReference; fileEncoding = 4; lastKnownFileType = sourcecode.c.h; path = ImageHelper.h; sourceTree = "<group>"; };
		C0B96AA81C7A661500765A8F /* ImageHelper.m */ = {isa = PBXFileReference; fileEncoding = 4; lastKnownFileType = sourcecode.c.objc; path = ImageHelper.m; sourceTree = "<group>"; };
		C0B96AAA1C7A6EBB00765A8F /* luizalabs.png */ = {isa = PBXFileReference; lastKnownFileType = image.png; path = luizalabs.png; sourceTree = "<group>"; };
		C0B96AAC1C7A89B600765A8F /* ic_refresh.png */ = {isa = PBXFileReference; lastKnownFileType = image.png; path = ic_refresh.png; sourceTree = "<group>"; };
		C0CE49801C793D2500635BEB /* desafio.app */ = {isa = PBXFileReference; explicitFileType = wrapper.application; includeInIndex = 0; path = desafio.app; sourceTree = BUILT_PRODUCTS_DIR; };
		C0CE49841C793D2500635BEB /* main.m */ = {isa = PBXFileReference; lastKnownFileType = sourcecode.c.objc; path = main.m; sourceTree = "<group>"; };
		C0CE49861C793D2500635BEB /* AppDelegate.h */ = {isa = PBXFileReference; lastKnownFileType = sourcecode.c.h; path = AppDelegate.h; sourceTree = "<group>"; };
		C0CE49871C793D2500635BEB /* AppDelegate.m */ = {isa = PBXFileReference; lastKnownFileType = sourcecode.c.objc; path = AppDelegate.m; sourceTree = "<group>"; };
		C0CE498D1C793D2500635BEB /* Base */ = {isa = PBXFileReference; lastKnownFileType = file.storyboard; name = Base; path = Base.lproj/Main.storyboard; sourceTree = "<group>"; };
		C0CE498F1C793D2500635BEB /* Assets.xcassets */ = {isa = PBXFileReference; lastKnownFileType = folder.assetcatalog; path = Assets.xcassets; sourceTree = "<group>"; };
		C0CE49921C793D2500635BEB /* Base */ = {isa = PBXFileReference; lastKnownFileType = file.storyboard; name = Base; path = Base.lproj/LaunchScreen.storyboard; sourceTree = "<group>"; };
		C0CE49941C793D2500635BEB /* Info.plist */ = {isa = PBXFileReference; lastKnownFileType = text.plist.xml; path = Info.plist; sourceTree = "<group>"; };
		C0CE49991C793D2600635BEB /* desafioTests.xctest */ = {isa = PBXFileReference; explicitFileType = wrapper.cfbundle; includeInIndex = 0; path = desafioTests.xctest; sourceTree = BUILT_PRODUCTS_DIR; };
		C0CE499D1C793D2600635BEB /* desafioTests.m */ = {isa = PBXFileReference; lastKnownFileType = sourcecode.c.objc; path = desafioTests.m; sourceTree = "<group>"; };
		C0CE499F1C793D2600635BEB /* Info.plist */ = {isa = PBXFileReference; lastKnownFileType = text.plist.xml; path = Info.plist; sourceTree = "<group>"; };
		C0CE49A41C793D2600635BEB /* desafioUITests.xctest */ = {isa = PBXFileReference; explicitFileType = wrapper.cfbundle; includeInIndex = 0; path = desafioUITests.xctest; sourceTree = BUILT_PRODUCTS_DIR; };
		C0CE49A81C793D2600635BEB /* desafioUITests.m */ = {isa = PBXFileReference; lastKnownFileType = sourcecode.c.objc; path = desafioUITests.m; sourceTree = "<group>"; };
		C0CE49AA1C793D2600635BEB /* Info.plist */ = {isa = PBXFileReference; lastKnownFileType = text.plist.xml; path = Info.plist; sourceTree = "<group>"; };
/* End PBXFileReference section */

/* Begin PBXFrameworksBuildPhase section */
		C0CE497D1C793D2500635BEB /* Frameworks */ = {
			isa = PBXFrameworksBuildPhase;
			buildActionMask = 2147483647;
			files = (
				C094420D1C7950F000FE26DA /* CoreLocation.framework in Frameworks */,
				C094420B1C794F9700FE26DA /* MapKit.framework in Frameworks */,
			);
			runOnlyForDeploymentPostprocessing = 0;
		};
		C0CE49961C793D2600635BEB /* Frameworks */ = {
			isa = PBXFrameworksBuildPhase;
			buildActionMask = 2147483647;
			files = (
			);
			runOnlyForDeploymentPostprocessing = 0;
		};
		C0CE49A11C793D2600635BEB /* Frameworks */ = {
			isa = PBXFrameworksBuildPhase;
			buildActionMask = 2147483647;
			files = (
			);
			runOnlyForDeploymentPostprocessing = 0;
		};
/* End PBXFrameworksBuildPhase section */

/* Begin PBXGroup section */
		C09441CE1C7940D300FE26DA /* JGProgressHUD */ = {
			isa = PBXGroup;
			children = (
				C09441CF1C7940D300FE26DA /* JGProgressHUD Resources.bundle */,
				C09441D01C7940D300FE26DA /* JGProgressHUD-Defines.h */,
				C09441D11C7940D300FE26DA /* JGProgressHUD.h */,
				C09441D21C7940D300FE26DA /* JGProgressHUD.m */,
				C09441D31C7940D300FE26DA /* JGProgressHUDAnimation.h */,
				C09441D41C7940D300FE26DA /* JGProgressHUDAnimation.m */,
				C09441D51C7940D300FE26DA /* JGProgressHUDErrorIndicatorView.h */,
				C09441D61C7940D300FE26DA /* JGProgressHUDErrorIndicatorView.m */,
				C09441D71C7940D300FE26DA /* JGProgressHUDFadeAnimation.h */,
				C09441D81C7940D300FE26DA /* JGProgressHUDFadeAnimation.m */,
				C09441D91C7940D300FE26DA /* JGProgressHUDFadeZoomAnimation.h */,
				C09441DA1C7940D300FE26DA /* JGProgressHUDFadeZoomAnimation.m */,
				C09441DB1C7940D300FE26DA /* JGProgressHUDImageIndicatorView.h */,
				C09441DC1C7940D300FE26DA /* JGProgressHUDImageIndicatorView.m */,
				C09441DD1C7940D300FE26DA /* JGProgressHUDIndeterminateIndicatorView.h */,
				C09441DE1C7940D300FE26DA /* JGProgressHUDIndeterminateIndicatorView.m */,
				C09441DF1C7940D300FE26DA /* JGProgressHUDIndicatorView.h */,
				C09441E01C7940D300FE26DA /* JGProgressHUDIndicatorView.m */,
				C09441E11C7940D300FE26DA /* JGProgressHUDPieIndicatorView.h */,
				C09441E21C7940D300FE26DA /* JGProgressHUDPieIndicatorView.m */,
				C09441E31C7940D300FE26DA /* JGProgressHUDRingIndicatorView.h */,
				C09441E41C7940D300FE26DA /* JGProgressHUDRingIndicatorView.m */,
				C09441E51C7940D300FE26DA /* JGProgressHUDSuccessIndicatorView.h */,
				C09441E61C7940D300FE26DA /* JGProgressHUDSuccessIndicatorView.m */,
			);
			path = JGProgressHUD;
			sourceTree = "<group>";
		};
		C09441F31C79439900FE26DA /* AFNetworking */ = {
			isa = PBXGroup;
			children = (
				C09441F41C79439900FE26DA /* AFHTTPSessionManager.h */,
				C09441F51C79439900FE26DA /* AFHTTPSessionManager.m */,
				C09441F61C79439900FE26DA /* AFNetworking.h */,
				C09441F71C79439900FE26DA /* AFNetworkReachabilityManager.h */,
				C09441F81C79439900FE26DA /* AFNetworkReachabilityManager.m */,
				C09441F91C79439900FE26DA /* AFSecurityPolicy.h */,
				C09441FA1C79439900FE26DA /* AFSecurityPolicy.m */,
				C09441FB1C79439900FE26DA /* AFURLRequestSerialization.h */,
				C09441FC1C79439900FE26DA /* AFURLRequestSerialization.m */,
				C09441FD1C79439900FE26DA /* AFURLResponseSerialization.h */,
				C09441FE1C79439900FE26DA /* AFURLResponseSerialization.m */,
				C09441FF1C79439900FE26DA /* AFURLSessionManager.h */,
				C09442001C79439900FE26DA /* AFURLSessionManager.m */,
			);
			path = AFNetworking;
			sourceTree = "<group>";
		};
		C09442101C795EC100FE26DA /* View */ = {
			isa = PBXGroup;
			children = (
				C0CE498C1C793D2500635BEB /* Main.storyboard */,
			);
			name = View;
			sourceTree = "<group>";
		};
		C09442111C795F1700FE26DA /* Controller */ = {
			isa = PBXGroup;
			children = (
				C09442151C795F4100FE26DA /* BaseViewController.h */,
				C09442131C795F4100FE26DA /* BaseViewController.m */,
				C09442191C795F9800FE26DA /* ListCitiesTableViewCell.h */,
				C094421A1C795F9800FE26DA /* ListCitiesTableViewCell.m */,
				C09442141C795F4100FE26DA /* ListCitiesViewController.h */,
				C09442161C795F4100FE26DA /* ListCitiesViewController.m */,
				C094425B1C7A228700FE26DA /* MapViewController.h */,
				C094425C1C7A228700FE26DA /* MapViewController.m */,
			);
			path = Controller;
			sourceTree = "<group>";
		};
		C09442121C795F1D00FE26DA /* Model */ = {
			isa = PBXGroup;
			children = (
				C094421C1C79606100FE26DA /* CTLWeather.m */,
				C094421D1C79606100FE26DA /* CTLWeather.h */,
				C094421F1C7963D200FE26DA /* MDLWeather.h */,
				C09442201C7963D200FE26DA /* MDLWeather.m */,
				C094424B1C7968EF00FE26DA /* MDLWeatherCoordinates.h */,
				C094424C1C7968EF00FE26DA /* MDLWeatherCoordinates.m */,
				C094424E1C79691D00FE26DA /* MDLWeatherConditions.h */,
				C094424F1C79691D00FE26DA /* MDLWeatherConditions.m */,
				C09442511C79694400FE26DA /* MDLWeatherDetail.h */,
				C09442521C79694400FE26DA /* MDLWeatherDetail.m */,
				C094425F1C7A602700FE26DA /* WeatherUnitHelper.h */,
				C09442601C7A602700FE26DA /* WeatherUnitHelper.m */,
				C0B96AA71C7A661500765A8F /* ImageHelper.h */,
				C0B96AA81C7A661500765A8F /* ImageHelper.m */,
			);
			path = Model;
			sourceTree = "<group>";
		};
		C09442541C7A217B00FE26DA /* images */ = {
			isa = PBXGroup;
			children = (
				C0B96AAC1C7A89B600765A8F /* ic_refresh.png */,
				C0B96AAA1C7A6EBB00765A8F /* luizalabs.png */,
				C09442591C7A222900FE26DA /* ic_map.png */,
				C09442571C7A21B900FE26DA /* ic_list2.png */,
				C09442551C7A217B00FE26DA /* ic_list.png */,
			);
			path = images;
			sourceTree = "<group>";
		};
		C0CE49771C793D2500635BEB = {
			isa = PBXGroup;
			children = (
				C094420E1C795BE300FE26DA /* default.gpx */,
				C094420C1C7950F000FE26DA /* CoreLocation.framework */,
				C094420A1C794F9700FE26DA /* MapKit.framework */,
				C0CE49821C793D2500635BEB /* desafio */,
				C0CE499C1C793D2600635BEB /* desafioTests */,
				C0CE49A71C793D2600635BEB /* desafioUITests */,
				C0CE49811C793D2500635BEB /* Products */,
			);
			sourceTree = "<group>";
		};
		C0CE49811C793D2500635BEB /* Products */ = {
			isa = PBXGroup;
			children = (
				C0CE49801C793D2500635BEB /* desafio.app */,
				C0CE49991C793D2600635BEB /* desafioTests.xctest */,
				C0CE49A41C793D2600635BEB /* desafioUITests.xctest */,
			);
			name = Products;
			sourceTree = "<group>";
		};
		C0CE49821C793D2500635BEB /* desafio */ = {
			isa = PBXGroup;
			children = (
				C09442541C7A217B00FE26DA /* images */,
				C09441F31C79439900FE26DA /* AFNetworking */,
				C09441CE1C7940D300FE26DA /* JGProgressHUD */,
				C09442121C795F1D00FE26DA /* Model */,
				C09442111C795F1700FE26DA /* Controller */,
				C09442101C795EC100FE26DA /* View */,
				C0CE49861C793D2500635BEB /* AppDelegate.h */,
				C0CE49871C793D2500635BEB /* AppDelegate.m */,
				C0CE498F1C793D2500635BEB /* Assets.xcassets */,
				C0CE49911C793D2500635BEB /* LaunchScreen.storyboard */,
				C0CE49941C793D2500635BEB /* Info.plist */,
				C0CE49831C793D2500635BEB /* Supporting Files */,
			);
			path = desafio;
			sourceTree = "<group>";
		};
		C0CE49831C793D2500635BEB /* Supporting Files */ = {
			isa = PBXGroup;
			children = (
				C0CE49841C793D2500635BEB /* main.m */,
			);
			name = "Supporting Files";
			sourceTree = "<group>";
		};
		C0CE499C1C793D2600635BEB /* desafioTests */ = {
			isa = PBXGroup;
			children = (
				C0CE499D1C793D2600635BEB /* desafioTests.m */,
				C0CE499F1C793D2600635BEB /* Info.plist */,
			);
			path = desafioTests;
			sourceTree = "<group>";
		};
		C0CE49A71C793D2600635BEB /* desafioUITests */ = {
			isa = PBXGroup;
			children = (
				C0CE49A81C793D2600635BEB /* desafioUITests.m */,
				C0CE49AA1C793D2600635BEB /* Info.plist */,
			);
			path = desafioUITests;
			sourceTree = "<group>";
		};
/* End PBXGroup section */

/* Begin PBXNativeTarget section */
		C0CE497F1C793D2500635BEB /* desafio */ = {
			isa = PBXNativeTarget;
			buildConfigurationList = C0CE49AD1C793D2600635BEB /* Build configuration list for PBXNativeTarget "desafio" */;
			buildPhases = (
				C0CE497C1C793D2500635BEB /* Sources */,
				C0CE497D1C793D2500635BEB /* Frameworks */,
				C0CE497E1C793D2500635BEB /* Resources */,
			);
			buildRules = (
			);
			dependencies = (
			);
			name = desafio;
			productName = desafio;
			productReference = C0CE49801C793D2500635BEB /* desafio.app */;
			productType = "com.apple.product-type.application";
		};
		C0CE49981C793D2600635BEB /* desafioTests */ = {
			isa = PBXNativeTarget;
			buildConfigurationList = C0CE49B01C793D2600635BEB /* Build configuration list for PBXNativeTarget "desafioTests" */;
			buildPhases = (
				C0CE49951C793D2600635BEB /* Sources */,
				C0CE49961C793D2600635BEB /* Frameworks */,
				C0CE49971C793D2600635BEB /* Resources */,
			);
			buildRules = (
			);
			dependencies = (
				C0CE499B1C793D2600635BEB /* PBXTargetDependency */,
			);
			name = desafioTests;
			productName = desafioTests;
			productReference = C0CE49991C793D2600635BEB /* desafioTests.xctest */;
			productType = "com.apple.product-type.bundle.unit-test";
		};
		C0CE49A31C793D2600635BEB /* desafioUITests */ = {
			isa = PBXNativeTarget;
			buildConfigurationList = C0CE49B31C793D2600635BEB /* Build configuration list for PBXNativeTarget "desafioUITests" */;
			buildPhases = (
				C0CE49A01C793D2600635BEB /* Sources */,
				C0CE49A11C793D2600635BEB /* Frameworks */,
				C0CE49A21C793D2600635BEB /* Resources */,
			);
			buildRules = (
			);
			dependencies = (
				C0CE49A61C793D2600635BEB /* PBXTargetDependency */,
			);
			name = desafioUITests;
			productName = desafioUITests;
			productReference = C0CE49A41C793D2600635BEB /* desafioUITests.xctest */;
			productType = "com.apple.product-type.bundle.ui-testing";
		};
/* End PBXNativeTarget section */

/* Begin PBXProject section */
		C0CE49781C793D2500635BEB /* Project object */ = {
			isa = PBXProject;
			attributes = {
				LastUpgradeCheck = 0700;
				ORGANIZATIONNAME = "Gabriela Nogueira";
				TargetAttributes = {
					C0CE497F1C793D2500635BEB = {
						CreatedOnToolsVersion = 7.0.1;
						SystemCapabilities = {
							com.apple.Maps.iOS = {
								enabled = 1;
							};
						};
					};
					C0CE49981C793D2600635BEB = {
						CreatedOnToolsVersion = 7.0.1;
						TestTargetID = C0CE497F1C793D2500635BEB;
					};
					C0CE49A31C793D2600635BEB = {
						CreatedOnToolsVersion = 7.0.1;
						TestTargetID = C0CE497F1C793D2500635BEB;
					};
				};
			};
			buildConfigurationList = C0CE497B1C793D2500635BEB /* Build configuration list for PBXProject "desafio" */;
			compatibilityVersion = "Xcode 3.2";
			developmentRegion = English;
			hasScannedForEncodings = 0;
			knownRegions = (
				en,
				Base,
			);
			mainGroup = C0CE49771C793D2500635BEB;
			productRefGroup = C0CE49811C793D2500635BEB /* Products */;
			projectDirPath = "";
			projectRoot = "";
			targets = (
				C0CE497F1C793D2500635BEB /* desafio */,
				C0CE49981C793D2600635BEB /* desafioTests */,
				C0CE49A31C793D2600635BEB /* desafioUITests */,
			);
		};
/* End PBXProject section */

/* Begin PBXResourcesBuildPhase section */
		C0CE497E1C793D2500635BEB /* Resources */ = {
			isa = PBXResourcesBuildPhase;
			buildActionMask = 2147483647;
			files = (
				C09441E71C7940D300FE26DA /* JGProgressHUD Resources.bundle in Resources */,
				C0CE49931C793D2500635BEB /* LaunchScreen.storyboard in Resources */,
				C09442581C7A21B900FE26DA /* ic_list2.png in Resources */,
				C0CE49901C793D2500635BEB /* Assets.xcassets in Resources */,
				C0B96AAB1C7A6EBB00765A8F /* luizalabs.png in Resources */,
				C0CE498E1C793D2500635BEB /* Main.storyboard in Resources */,
				C094420F1C795BE300FE26DA /* default.gpx in Resources */,
				C0B96AAD1C7A89B600765A8F /* ic_refresh.png in Resources */,
				C094425A1C7A222900FE26DA /* ic_map.png in Resources */,
				C09442561C7A217B00FE26DA /* ic_list.png in Resources */,
			);
			runOnlyForDeploymentPostprocessing = 0;
		};
		C0CE49971C793D2600635BEB /* Resources */ = {
			isa = PBXResourcesBuildPhase;
			buildActionMask = 2147483647;
			files = (
			);
			runOnlyForDeploymentPostprocessing = 0;
		};
		C0CE49A21C793D2600635BEB /* Resources */ = {
			isa = PBXResourcesBuildPhase;
			buildActionMask = 2147483647;
			files = (
			);
			runOnlyForDeploymentPostprocessing = 0;
		};
/* End PBXResourcesBuildPhase section */

/* Begin PBXSourcesBuildPhase section */
		C0CE497C1C793D2500635BEB /* Sources */ = {
			isa = PBXSourcesBuildPhase;
			buildActionMask = 2147483647;
			files = (
				C09442181C795F4100FE26DA /* ListCitiesViewController.m in Sources */,
				C09441F01C7940D300FE26DA /* JGProgressHUDPieIndicatorView.m in Sources */,
				C09442171C795F4100FE26DA /* BaseViewController.m in Sources */,
				C09441F21C7940D300FE26DA /* JGProgressHUDSuccessIndicatorView.m in Sources */,
				C09441ED1C7940D300FE26DA /* JGProgressHUDImageIndicatorView.m in Sources */,
				C09442501C79691D00FE26DA /* MDLWeatherConditions.m in Sources */,
				C09442061C79439900FE26DA /* AFURLSessionManager.m in Sources */,
				C094421B1C795F9800FE26DA /* ListCitiesTableViewCell.m in Sources */,
				C09441F11C7940D300FE26DA /* JGProgressHUDRingIndicatorView.m in Sources */,
				C0B96AA91C7A661500765A8F /* ImageHelper.m in Sources */,
				C0CE49881C793D2500635BEB /* AppDelegate.m in Sources */,
				C09442011C79439900FE26DA /* AFHTTPSessionManager.m in Sources */,
				C09442611C7A602700FE26DA /* WeatherUnitHelper.m in Sources */,
				C0CE49851C793D2500635BEB /* main.m in Sources */,
				C09441E91C7940D300FE26DA /* JGProgressHUDAnimation.m in Sources */,
				C09442031C79439900FE26DA /* AFSecurityPolicy.m in Sources */,
				C09441EA1C7940D300FE26DA /* JGProgressHUDErrorIndicatorView.m in Sources */,
				C09442041C79439900FE26DA /* AFURLRequestSerialization.m in Sources */,
				C09442021C79439900FE26DA /* AFNetworkReachabilityManager.m in Sources */,
				C094424D1C7968EF00FE26DA /* MDLWeatherCoordinates.m in Sources */,
				C09442051C79439900FE26DA /* AFURLResponseSerialization.m in Sources */,
				C09442531C79694400FE26DA /* MDLWeatherDetail.m in Sources */,
				C09441EE1C7940D300FE26DA /* JGProgressHUDIndeterminateIndicatorView.m in Sources */,
				C094421E1C79606100FE26DA /* CTLWeather.m in Sources */,
				C09441EB1C7940D300FE26DA /* JGProgressHUDFadeAnimation.m in Sources */,
				C09442211C7963D200FE26DA /* MDLWeather.m in Sources */,
				C09441EC1C7940D300FE26DA /* JGProgressHUDFadeZoomAnimation.m in Sources */,
				C09441EF1C7940D300FE26DA /* JGProgressHUDIndicatorView.m in Sources */,
				C09441E81C7940D300FE26DA /* JGProgressHUD.m in Sources */,
				C094425D1C7A228700FE26DA /* MapViewController.m in Sources */,
			);
			runOnlyForDeploymentPostprocessing = 0;
		};
		C0CE49951C793D2600635BEB /* Sources */ = {
			isa = PBXSourcesBuildPhase;
			buildActionMask = 2147483647;
			files = (
				C0CE499E1C793D2600635BEB /* desafioTests.m in Sources */,
			);
			runOnlyForDeploymentPostprocessing = 0;
		};
		C0CE49A01C793D2600635BEB /* Sources */ = {
			isa = PBXSourcesBuildPhase;
			buildActionMask = 2147483647;
			files = (
				C0CE49A91C793D2600635BEB /* desafioUITests.m in Sources */,
			);
			runOnlyForDeploymentPostprocessing = 0;
		};
/* End PBXSourcesBuildPhase section */

/* Begin PBXTargetDependency section */
		C0CE499B1C793D2600635BEB /* PBXTargetDependency */ = {
			isa = PBXTargetDependency;
			target = C0CE497F1C793D2500635BEB /* desafio */;
			targetProxy = C0CE499A1C793D2600635BEB /* PBXContainerItemProxy */;
		};
		C0CE49A61C793D2600635BEB /* PBXTargetDependency */ = {
			isa = PBXTargetDependency;
			target = C0CE497F1C793D2500635BEB /* desafio */;
			targetProxy = C0CE49A51C793D2600635BEB /* PBXContainerItemProxy */;
		};
/* End PBXTargetDependency section */

/* Begin PBXVariantGroup section */
		C0CE498C1C793D2500635BEB /* Main.storyboard */ = {
			isa = PBXVariantGroup;
			children = (
				C0CE498D1C793D2500635BEB /* Base */,
			);
			name = Main.storyboard;
			sourceTree = "<group>";
		};
		C0CE49911C793D2500635BEB /* LaunchScreen.storyboard */ = {
			isa = PBXVariantGroup;
			children = (
				C0CE49921C793D2500635BEB /* Base */,
			);
			name = LaunchScreen.storyboard;
			sourceTree = "<group>";
		};
/* End PBXVariantGroup section */

/* Begin XCBuildConfiguration section */
		C0CE49AB1C793D2600635BEB /* Debug */ = {
			isa = XCBuildConfiguration;
			buildSettings = {
				ALWAYS_SEARCH_USER_PATHS = NO;
				CLANG_CXX_LANGUAGE_STANDARD = "gnu++0x";
				CLANG_CXX_LIBRARY = "libc++";
				CLANG_ENABLE_MODULES = YES;
				CLANG_ENABLE_OBJC_ARC = YES;
				CLANG_WARN_BOOL_CONVERSION = YES;
				CLANG_WARN_CONSTANT_CONVERSION = YES;
				CLANG_WARN_DIRECT_OBJC_ISA_USAGE = YES_ERROR;
				CLANG_WARN_EMPTY_BODY = YES;
				CLANG_WARN_ENUM_CONVERSION = YES;
				CLANG_WARN_INT_CONVERSION = YES;
				CLANG_WARN_OBJC_ROOT_CLASS = YES_ERROR;
				CLANG_WARN_UNREACHABLE_CODE = YES;
				CLANG_WARN__DUPLICATE_METHOD_MATCH = YES;
				"CODE_SIGN_IDENTITY[sdk=iphoneos*]" = "iPhone Developer";
				COPY_PHASE_STRIP = NO;
				DEBUG_INFORMATION_FORMAT = dwarf;
				ENABLE_STRICT_OBJC_MSGSEND = YES;
				ENABLE_TESTABILITY = YES;
				GCC_C_LANGUAGE_STANDARD = gnu99;
				GCC_DYNAMIC_NO_PIC = NO;
				GCC_NO_COMMON_BLOCKS = YES;
				GCC_OPTIMIZATION_LEVEL = 0;
				GCC_PREPROCESSOR_DEFINITIONS = (
					"DEBUG=1",
					"$(inherited)",
				);
				GCC_WARN_64_TO_32_BIT_CONVERSION = YES;
				GCC_WARN_ABOUT_RETURN_TYPE = YES_ERROR;
				GCC_WARN_UNDECLARED_SELECTOR = YES;
				GCC_WARN_UNINITIALIZED_AUTOS = YES_AGGRESSIVE;
				GCC_WARN_UNUSED_FUNCTION = YES;
				GCC_WARN_UNUSED_VARIABLE = YES;
				IPHONEOS_DEPLOYMENT_TARGET = 9.0;
				MTL_ENABLE_DEBUG_INFO = YES;
				ONLY_ACTIVE_ARCH = YES;
				SDKROOT = iphoneos;
			};
			name = Debug;
		};
		C0CE49AC1C793D2600635BEB /* Release */ = {
			isa = XCBuildConfiguration;
			buildSettings = {
				ALWAYS_SEARCH_USER_PATHS = NO;
				CLANG_CXX_LANGUAGE_STANDARD = "gnu++0x";
				CLANG_CXX_LIBRARY = "libc++";
				CLANG_ENABLE_MODULES = YES;
				CLANG_ENABLE_OBJC_ARC = YES;
				CLANG_WARN_BOOL_CONVERSION = YES;
				CLANG_WARN_CONSTANT_CONVERSION = YES;
				CLANG_WARN_DIRECT_OBJC_ISA_USAGE = YES_ERROR;
				CLANG_WARN_EMPTY_BODY = YES;
				CLANG_WARN_ENUM_CONVERSION = YES;
				CLANG_WARN_INT_CONVERSION = YES;
				CLANG_WARN_OBJC_ROOT_CLASS = YES_ERROR;
				CLANG_WARN_UNREACHABLE_CODE = YES;
				CLANG_WARN__DUPLICATE_METHOD_MATCH = YES;
				"CODE_SIGN_IDENTITY[sdk=iphoneos*]" = "iPhone Developer";
				COPY_PHASE_STRIP = NO;
				DEBUG_INFORMATION_FORMAT = "dwarf-with-dsym";
				ENABLE_NS_ASSERTIONS = NO;
				ENABLE_STRICT_OBJC_MSGSEND = YES;
				GCC_C_LANGUAGE_STANDARD = gnu99;
				GCC_NO_COMMON_BLOCKS = YES;
				GCC_WARN_64_TO_32_BIT_CONVERSION = YES;
				GCC_WARN_ABOUT_RETURN_TYPE = YES_ERROR;
				GCC_WARN_UNDECLARED_SELECTOR = YES;
				GCC_WARN_UNINITIALIZED_AUTOS = YES_AGGRESSIVE;
				GCC_WARN_UNUSED_FUNCTION = YES;
				GCC_WARN_UNUSED_VARIABLE = YES;
				IPHONEOS_DEPLOYMENT_TARGET = 9.0;
				MTL_ENABLE_DEBUG_INFO = NO;
				SDKROOT = iphoneos;
				VALIDATE_PRODUCT = YES;
			};
			name = Release;
		};
		C0CE49AE1C793D2600635BEB /* Debug */ = {
			isa = XCBuildConfiguration;
			buildSettings = {
				ASSETCATALOG_COMPILER_APPICON_NAME = AppIcon;
				INFOPLIST_FILE = desafio/Info.plist;
				LD_RUNPATH_SEARCH_PATHS = "$(inherited) @executable_path/Frameworks";
				PRODUCT_BUNDLE_IDENTIFIER = br.com.luizalabs.desafio;
				PRODUCT_NAME = "$(TARGET_NAME)";
			};
			name = Debug;
		};
		C0CE49AF1C793D2600635BEB /* Release */ = {
			isa = XCBuildConfiguration;
			buildSettings = {
				ASSETCATALOG_COMPILER_APPICON_NAME = AppIcon;
				INFOPLIST_FILE = desafio/Info.plist;
				LD_RUNPATH_SEARCH_PATHS = "$(inherited) @executable_path/Frameworks";
				PRODUCT_BUNDLE_IDENTIFIER = br.com.luizalabs.desafio;
				PRODUCT_NAME = "$(TARGET_NAME)";
			};
			name = Release;
		};
		C0CE49B11C793D2600635BEB /* Debug */ = {
			isa = XCBuildConfiguration;
			buildSettings = {
				BUNDLE_LOADER = "$(TEST_HOST)";
				INFOPLIST_FILE = desafioTests/Info.plist;
				LD_RUNPATH_SEARCH_PATHS = "$(inherited) @executable_path/Frameworks @loader_path/Frameworks";
				PRODUCT_BUNDLE_IDENTIFIER = br.com.luizalabs.desafioTests;
				PRODUCT_NAME = "$(TARGET_NAME)";
				TEST_HOST = "$(BUILT_PRODUCTS_DIR)/desafio.app/desafio";
			};
			name = Debug;
		};
		C0CE49B21C793D2600635BEB /* Release */ = {
			isa = XCBuildConfiguration;
			buildSettings = {
				BUNDLE_LOADER = "$(TEST_HOST)";
				INFOPLIST_FILE = desafioTests/Info.plist;
				LD_RUNPATH_SEARCH_PATHS = "$(inherited) @executable_path/Frameworks @loader_path/Frameworks";
				PRODUCT_BUNDLE_IDENTIFIER = br.com.luizalabs.desafioTests;
				PRODUCT_NAME = "$(TARGET_NAME)";
				TEST_HOST = "$(BUILT_PRODUCTS_DIR)/desafio.app/desafio";
			};
			name = Release;
		};
		C0CE49B41C793D2600635BEB /* Debug */ = {
			isa = XCBuildConfiguration;
			buildSettings = {
				INFOPLIST_FILE = desafioUITests/Info.plist;
				LD_RUNPATH_SEARCH_PATHS = "$(inherited) @executable_path/Frameworks @loader_path/Frameworks";
				PRODUCT_BUNDLE_IDENTIFIER = br.com.luizalabs.desafioUITests;
				PRODUCT_NAME = "$(TARGET_NAME)";
				TEST_TARGET_NAME = desafio;
				USES_XCTRUNNER = YES;
			};
			name = Debug;
		};
		C0CE49B51C793D2600635BEB /* Release */ = {
			isa = XCBuildConfiguration;
			buildSettings = {
				INFOPLIST_FILE = desafioUITests/Info.plist;
				LD_RUNPATH_SEARCH_PATHS = "$(inherited) @executable_path/Frameworks @loader_path/Frameworks";
				PRODUCT_BUNDLE_IDENTIFIER = br.com.luizalabs.desafioUITests;
				PRODUCT_NAME = "$(TARGET_NAME)";
				TEST_TARGET_NAME = desafio;
				USES_XCTRUNNER = YES;
			};
			name = Release;
		};
/* End XCBuildConfiguration section */

/* Begin XCConfigurationList section */
		C0CE497B1C793D2500635BEB /* Build configuration list for PBXProject "desafio" */ = {
			isa = XCConfigurationList;
			buildConfigurations = (
				C0CE49AB1C793D2600635BEB /* Debug */,
				C0CE49AC1C793D2600635BEB /* Release */,
			);
			defaultConfigurationIsVisible = 0;
			defaultConfigurationName = Release;
		};
		C0CE49AD1C793D2600635BEB /* Build configuration list for PBXNativeTarget "desafio" */ = {
			isa = XCConfigurationList;
			buildConfigurations = (
				C0CE49AE1C793D2600635BEB /* Debug */,
				C0CE49AF1C793D2600635BEB /* Release */,
			);
			defaultConfigurationIsVisible = 0;
			defaultConfigurationName = Release;
		};
		C0CE49B01C793D2600635BEB /* Build configuration list for PBXNativeTarget "desafioTests" */ = {
			isa = XCConfigurationList;
			buildConfigurations = (
				C0CE49B11C793D2600635BEB /* Debug */,
				C0CE49B21C793D2600635BEB /* Release */,
			);
			defaultConfigurationIsVisible = 0;
			defaultConfigurationName = Release;
		};
		C0CE49B31C793D2600635BEB /* Build configuration list for PBXNativeTarget "desafioUITests" */ = {
			isa = XCConfigurationList;
			buildConfigurations = (
				C0CE49B41C793D2600635BEB /* Debug */,
				C0CE49B51C793D2600635BEB /* Release */,
			);
			defaultConfigurationIsVisible = 0;
			defaultConfigurationName = Release;
		};
/* End XCConfigurationList section */
	};
	rootObject = C0CE49781C793D2500635BEB /* Project object */;
}
